
Microsoft Visual Studio Solution File, Format Version 12.00
Project("{2150E333-8FDC-42A3-9474-1A3956D46DE8}") = "Services", "Services", "{54F0886C-6FE2-466E-8F2C-5E12DE7114D2}"
EndProject
Project("{2150E333-8FDC-42A3-9474-1A3956D46DE8}") = "WebApps", "WebApps", "{732C8E79-7FF3-4D25-A45F-6C9B55C28829}"
EndProject
Project("{2150E333-8FDC-42A3-9474-1A3956D46DE8}") = "Cadastros", "Cadastros", "{BBA2CC96-B898-418D-B2F4-5A4F101F3C2A}"
EndProject
Project("{2150E333-8FDC-42A3-9474-1A3956D46DE8}") = "Catalogo", "Catalogo", "{9071A861-43FB-44CA-A151-CAE9E24A478C}"
EndProject
Project("{2150E333-8FDC-42A3-9474-1A3956D46DE8}") = "Core", "Core", "{4B48EF51-4AAE-4083-90A6-07EAB15A417C}"
EndProject
Project("{2150E333-8FDC-42A3-9474-1A3956D46DE8}") = "Fiscal", "Fiscal", "{F1562485-9C86-47F1-8167-39625C296766}"
EndProject
Project("{2150E333-8FDC-42A3-9474-1A3956D46DE8}") = "Pagamentos", "Pagamentos", "{23550C13-F445-4F7C-AB0C-556C8533FDFE}"
EndProject
Project("{2150E333-8FDC-42A3-9474-1A3956D46DE8}") = "Vendas", "Vendas", "{6CE0671C-92CE-4945-A0C6-4BFAAB6685A8}"
EndProject
Project("{FAE04EC0-301F-11D3-BF4B-00C04F79EFBC}") = "DevIo.NerdStore.Catalogo.Domain", "src\DevIo.NerdStore.Catalogo.Domain\DevIo.NerdStore.Catalogo.Domain.csproj", "{1975AA2F-C8FE-4287-9347-72A43B4EC93D}"
EndProject
Project("{FAE04EC0-301F-11D3-BF4B-00C04F79EFBC}") = "DevIo.NerdStore.Core", "src\DevIo.NerdStore.Core\DevIo.NerdStore.Core.csproj", "{5F2A8413-35C9-4F00-B612-0A0EAA3A066F}"
EndProject
Project("{2150E333-8FDC-42A3-9474-1A3956D46DE8}") = "Tests", "Tests", "{737A2767-42F7-4A8E-A57B-166C1453C313}"
EndProject
Project("{FAE04EC0-301F-11D3-BF4B-00C04F79EFBC}") = "Dev.Io.NerdStore.Catalogo.Domain.Tests", "tests\Dev.Io.NerdStore.Catalogo.Domain.Tests\Dev.Io.NerdStore.Catalogo.Domain.Tests.csproj", "{8D0BEAF7-68E7-478D-A77F-BE45B317DE42}"
EndProject
Project("{FAE04EC0-301F-11D3-BF4B-00C04F79EFBC}") = "DevIo.NerdStore.Catalogo.Data", "src\DevIo.NerdStore.Catalogo.Data\DevIo.NerdStore.Catalogo.Data.csproj", "{65D1639E-5772-467B-B301-F79E167D514D}"
EndProject
Project("{FAE04EC0-301F-11D3-BF4B-00C04F79EFBC}") = "DevIo.NerdStore.Catalogo.Application", "src\DevIo.NerdStore.Catalogo.Application\DevIo.NerdStore.Catalogo.Application.csproj", "{4B60899A-3630-4A9D-B7BE-A9F5D8E84AF7}"
EndProject
Project("{FAE04EC0-301F-11D3-BF4B-00C04F79EFBC}") = "DevIo.NerdStore.WebApp.MVC", "src\DevIo.NerdStore.WebApp.MVC\DevIo.NerdStore.WebApp.MVC.csproj", "{23250637-5CF9-4D1B-967E-0DA4F2774AC8}"
EndProject
Project("{FAE04EC0-301F-11D3-BF4B-00C04F79EFBC}") = "DevIo.NerdStore.Vendas.Domain", "src\DevIo.NerdStore.Vendas.Domain\DevIo.NerdStore.Vendas.Domain.csproj", "{068B1BB6-3159-4340-A5C5-93C76E6C62D4}"
EndProject
Project("{FAE04EC0-301F-11D3-BF4B-00C04F79EFBC}") = "DevIo.NerdStore.Vendas.Application", "src\DevIo.NerdStore.Vendas.Application\DevIo.NerdStore.Vendas.Application.csproj", "{7691FD5E-995A-43B6-8BD8-E191ED448601}"
EndProject
Project("{FAE04EC0-301F-11D3-BF4B-00C04F79EFBC}") = "DevIo.NerdStore.Vendas.Data", "src\DevIo.NerdStore.Vendas.Data\DevIo.NerdStore.Vendas.Data.csproj", "{EB82AA3A-A1BF-4648-8EC8-BC9C9DB604EE}"
EndProject
Global
	GlobalSection(SolutionConfigurationPlatforms) = preSolution
		Debug|Any CPU = Debug|Any CPU
		Release|Any CPU = Release|Any CPU
	EndGlobalSection
	GlobalSection(NestedProjects) = preSolution
		{BBA2CC96-B898-418D-B2F4-5A4F101F3C2A} = {54F0886C-6FE2-466E-8F2C-5E12DE7114D2}
		{9071A861-43FB-44CA-A151-CAE9E24A478C} = {54F0886C-6FE2-466E-8F2C-5E12DE7114D2}
		{4B48EF51-4AAE-4083-90A6-07EAB15A417C} = {54F0886C-6FE2-466E-8F2C-5E12DE7114D2}
		{F1562485-9C86-47F1-8167-39625C296766} = {54F0886C-6FE2-466E-8F2C-5E12DE7114D2}
		{23550C13-F445-4F7C-AB0C-556C8533FDFE} = {54F0886C-6FE2-466E-8F2C-5E12DE7114D2}
		{6CE0671C-92CE-4945-A0C6-4BFAAB6685A8} = {54F0886C-6FE2-466E-8F2C-5E12DE7114D2}
		{1975AA2F-C8FE-4287-9347-72A43B4EC93D} = {9071A861-43FB-44CA-A151-CAE9E24A478C}
		{5F2A8413-35C9-4F00-B612-0A0EAA3A066F} = {4B48EF51-4AAE-4083-90A6-07EAB15A417C}
		{737A2767-42F7-4A8E-A57B-166C1453C313} = {9071A861-43FB-44CA-A151-CAE9E24A478C}
		{8D0BEAF7-68E7-478D-A77F-BE45B317DE42} = {737A2767-42F7-4A8E-A57B-166C1453C313}
		{65D1639E-5772-467B-B301-F79E167D514D} = {9071A861-43FB-44CA-A151-CAE9E24A478C}
		{4B60899A-3630-4A9D-B7BE-A9F5D8E84AF7} = {9071A861-43FB-44CA-A151-CAE9E24A478C}
		{23250637-5CF9-4D1B-967E-0DA4F2774AC8} = {732C8E79-7FF3-4D25-A45F-6C9B55C28829}
		{068B1BB6-3159-4340-A5C5-93C76E6C62D4} = {6CE0671C-92CE-4945-A0C6-4BFAAB6685A8}
		{7691FD5E-995A-43B6-8BD8-E191ED448601} = {6CE0671C-92CE-4945-A0C6-4BFAAB6685A8}
		{EB82AA3A-A1BF-4648-8EC8-BC9C9DB604EE} = {6CE0671C-92CE-4945-A0C6-4BFAAB6685A8}
	EndGlobalSection
	GlobalSection(ProjectConfigurationPlatforms) = postSolution
		{1975AA2F-C8FE-4287-9347-72A43B4EC93D}.Debug|Any CPU.ActiveCfg = Debug|Any CPU
		{1975AA2F-C8FE-4287-9347-72A43B4EC93D}.Debug|Any CPU.Build.0 = Debug|Any CPU
		{1975AA2F-C8FE-4287-9347-72A43B4EC93D}.Release|Any CPU.ActiveCfg = Release|Any CPU
		{1975AA2F-C8FE-4287-9347-72A43B4EC93D}.Release|Any CPU.Build.0 = Release|Any CPU
		{5F2A8413-35C9-4F00-B612-0A0EAA3A066F}.Debug|Any CPU.ActiveCfg = Debug|Any CPU
		{5F2A8413-35C9-4F00-B612-0A0EAA3A066F}.Debug|Any CPU.Build.0 = Debug|Any CPU
		{5F2A8413-35C9-4F00-B612-0A0EAA3A066F}.Release|Any CPU.ActiveCfg = Release|Any CPU
		{5F2A8413-35C9-4F00-B612-0A0EAA3A066F}.Release|Any CPU.Build.0 = Release|Any CPU
		{8D0BEAF7-68E7-478D-A77F-BE45B317DE42}.Debug|Any CPU.ActiveCfg = Debug|Any CPU
		{8D0BEAF7-68E7-478D-A77F-BE45B317DE42}.Debug|Any CPU.Build.0 = Debug|Any CPU
		{8D0BEAF7-68E7-478D-A77F-BE45B317DE42}.Release|Any CPU.ActiveCfg = Release|Any CPU
		{8D0BEAF7-68E7-478D-A77F-BE45B317DE42}.Release|Any CPU.Build.0 = Release|Any CPU
		{65D1639E-5772-467B-B301-F79E167D514D}.Debug|Any CPU.ActiveCfg = Debug|Any CPU
		{65D1639E-5772-467B-B301-F79E167D514D}.Debug|Any CPU.Build.0 = Debug|Any CPU
		{65D1639E-5772-467B-B301-F79E167D514D}.Release|Any CPU.ActiveCfg = Release|Any CPU
		{65D1639E-5772-467B-B301-F79E167D514D}.Release|Any CPU.Build.0 = Release|Any CPU
		{4B60899A-3630-4A9D-B7BE-A9F5D8E84AF7}.Debug|Any CPU.ActiveCfg = Debug|Any CPU
		{4B60899A-3630-4A9D-B7BE-A9F5D8E84AF7}.Debug|Any CPU.Build.0 = Debug|Any CPU
		{4B60899A-3630-4A9D-B7BE-A9F5D8E84AF7}.Release|Any CPU.ActiveCfg = Release|Any CPU
		{4B60899A-3630-4A9D-B7BE-A9F5D8E84AF7}.Release|Any CPU.Build.0 = Release|Any CPU
		{23250637-5CF9-4D1B-967E-0DA4F2774AC8}.Debug|Any CPU.ActiveCfg = Debug|Any CPU
		{23250637-5CF9-4D1B-967E-0DA4F2774AC8}.Debug|Any CPU.Build.0 = Debug|Any CPU
		{23250637-5CF9-4D1B-967E-0DA4F2774AC8}.Release|Any CPU.ActiveCfg = Release|Any CPU
		{23250637-5CF9-4D1B-967E-0DA4F2774AC8}.Release|Any CPU.Build.0 = Release|Any CPU
		{068B1BB6-3159-4340-A5C5-93C76E6C62D4}.Debug|Any CPU.ActiveCfg = Debug|Any CPU
		{068B1BB6-3159-4340-A5C5-93C76E6C62D4}.Debug|Any CPU.Build.0 = Debug|Any CPU
		{068B1BB6-3159-4340-A5C5-93C76E6C62D4}.Release|Any CPU.ActiveCfg = Release|Any CPU
		{068B1BB6-3159-4340-A5C5-93C76E6C62D4}.Release|Any CPU.Build.0 = Release|Any CPU
		{7691FD5E-995A-43B6-8BD8-E191ED448601}.Debug|Any CPU.ActiveCfg = Debug|Any CPU
		{7691FD5E-995A-43B6-8BD8-E191ED448601}.Debug|Any CPU.Build.0 = Debug|Any CPU
		{7691FD5E-995A-43B6-8BD8-E191ED448601}.Release|Any CPU.ActiveCfg = Release|Any CPU
		{7691FD5E-995A-43B6-8BD8-E191ED448601}.Release|Any CPU.Build.0 = Release|Any CPU
		{EB82AA3A-A1BF-4648-8EC8-BC9C9DB604EE}.Debug|Any CPU.ActiveCfg = Debug|Any CPU
		{EB82AA3A-A1BF-4648-8EC8-BC9C9DB604EE}.Debug|Any CPU.Build.0 = Debug|Any CPU
		{EB82AA3A-A1BF-4648-8EC8-BC9C9DB604EE}.Release|Any CPU.ActiveCfg = Release|Any CPU
		{EB82AA3A-A1BF-4648-8EC8-BC9C9DB604EE}.Release|Any CPU.Build.0 = Release|Any CPU
	EndGlobalSection
EndGlobal
